
Microsoft Visual Studio Solution File, Format Version 12.00
# Visual Studio Version 16
VisualStudioVersion = 16.0.31005.135
MinimumVisualStudioVersion = 10.0.40219.1
Project("{FAE04EC0-301F-11D3-BF4B-00C04F79EFBC}") = "Roommates", "Roommates\Roommates.csproj", "{65B87FB9-C6D8-4994-B3DE-27FD947A5A42}"
EndProject
Global
	GlobalSection(SolutionConfigurationPlatforms) = preSolution
		Debug|Any CPU = Debug|Any CPU
		Release|Any CPU = Release|Any CPU
	EndGlobalSection
	GlobalSection(ProjectConfigurationPlatforms) = postSolution
		{65B87FB9-C6D8-4994-B3DE-27FD947A5A42}.Debug|Any CPU.ActiveCfg = Debug|Any CPU
		{65B87FB9-C6D8-4994-B3DE-27FD947A5A42}.Debug|Any CPU.Build.0 = Debug|Any CPU
		{65B87FB9-C6D8-4994-B3DE-27FD947A5A42}.Release|Any CPU.ActiveCfg = Release|Any CPU
		{65B87FB9-C6D8-4994-B3DE-27FD947A5A42}.Release|Any CPU.Build.0 = Release|Any CPU
	EndGlobalSection
	GlobalSection(SolutionProperties) = preSolution
		HideSolutionNode = FALSE
	EndGlobalSection
	GlobalSection(ExtensibilityGlobals) = postSolution
		SolutionGuid = {6CCFA7B0-A2B1-47D0-8D7D-7A581B6B3AF9}
	EndGlobalSection
EndGlobal
